
Microsoft Visual Studio Solution File, Format Version 12.00
# Visual Studio Version 17
VisualStudioVersion = 17.6.33829.357
MinimumVisualStudioVersion = 10.0.40219.1
Project("{9A19103F-16F7-4668-BE54-9A1E7A4F7556}") = "Web7.DIDNetworkRelayAgent", "Web7.DIDNetworkRelayAgent\Web7.DIDNetworkRelayAgent.csproj", "{13C68723-2558-4BA5-97F9-2727746A095B}"
EndProject
Project("{9A19103F-16F7-4668-BE54-9A1E7A4F7556}") = "Web7.DIDNetworkRelayTestClient", "Web7.DIDNetworkRelayTestClient\Web7.DIDNetworkRelayTestClient.csproj", "{496FF319-10C5-40FC-B80D-B17AFB70FBC5}"
EndProject
Global
	GlobalSection(SolutionConfigurationPlatforms) = preSolution
		Debug|Any CPU = Debug|Any CPU
		Release|Any CPU = Release|Any CPU
	EndGlobalSection
	GlobalSection(ProjectConfigurationPlatforms) = postSolution
		{13C68723-2558-4BA5-97F9-2727746A095B}.Debug|Any CPU.ActiveCfg = Debug|Any CPU
		{13C68723-2558-4BA5-97F9-2727746A095B}.Debug|Any CPU.Build.0 = Debug|Any CPU
		{13C68723-2558-4BA5-97F9-2727746A095B}.Release|Any CPU.ActiveCfg = Release|Any CPU
		{13C68723-2558-4BA5-97F9-2727746A095B}.Release|Any CPU.Build.0 = Release|Any CPU
		{496FF319-10C5-40FC-B80D-B17AFB70FBC5}.Debug|Any CPU.ActiveCfg = Debug|Any CPU
		{496FF319-10C5-40FC-B80D-B17AFB70FBC5}.Debug|Any CPU.Build.0 = Debug|Any CPU
		{496FF319-10C5-40FC-B80D-B17AFB70FBC5}.Release|Any CPU.ActiveCfg = Release|Any CPU
		{496FF319-10C5-40FC-B80D-B17AFB70FBC5}.Release|Any CPU.Build.0 = Release|Any CPU
	EndGlobalSection
	GlobalSection(SolutionProperties) = preSolution
		HideSolutionNode = FALSE
	EndGlobalSection
	GlobalSection(ExtensibilityGlobals) = postSolution
		SolutionGuid = {DE7F6D85-DF69-44A6-8EC3-F71722854104}
	EndGlobalSection
EndGlobal
